
Microsoft Visual Studio Solution File, Format Version 12.00
# Visual Studio Version 17
VisualStudioVersion = 17.4.33213.308
MinimumVisualStudioVersion = 10.0.40219.1
Project("{9A19103F-16F7-4668-BE54-9A1E7A4F7556}") = "DesafioIt.Application", "DesafioIt.Application\DesafioIt.Application.csproj", "{5D6EE9C4-0C73-4546-B3D2-FB6F1EC61003}"
EndProject
Project("{2150E333-8FDC-42A3-9474-1A3956D46DE8}") = "Adapters", "Adapters", "{A32159D2-38BF-4046-B7B8-48524EF87625}"
EndProject
Project("{9A19103F-16F7-4668-BE54-9A1E7A4F7556}") = "DesafioIt.WebApi", "Adapters\DesafioIt.WebApi\DesafioIt.WebApi.csproj", "{F86F0543-F41C-4470-852C-933E3F57A61E}"
EndProject
Project("{9A19103F-16F7-4668-BE54-9A1E7A4F7556}") = "DesafioIt.EntityFramework", "Adapters\DesafioIt.EntityFramework\DesafioIt.EntityFramework.csproj", "{6A0C7237-3675-4A58-9767-F31B6DA74D34}"
EndProject
Project("{FAE04EC0-301F-11D3-BF4B-00C04F79EFBC}") = "DesafioIt.Domain", "DesafioIt.Domain\DesafioIt.Domain.csproj", "{5EE3A183-A89D-4EEF-A7C2-F3FAA615A8D4}"
EndProject
Global
	GlobalSection(SolutionConfigurationPlatforms) = preSolution
		Debug|Any CPU = Debug|Any CPU
		Release|Any CPU = Release|Any CPU
	EndGlobalSection
	GlobalSection(ProjectConfigurationPlatforms) = postSolution
		{5D6EE9C4-0C73-4546-B3D2-FB6F1EC61003}.Debug|Any CPU.ActiveCfg = Debug|Any CPU
		{5D6EE9C4-0C73-4546-B3D2-FB6F1EC61003}.Debug|Any CPU.Build.0 = Debug|Any CPU
		{5D6EE9C4-0C73-4546-B3D2-FB6F1EC61003}.Release|Any CPU.ActiveCfg = Release|Any CPU
		{5D6EE9C4-0C73-4546-B3D2-FB6F1EC61003}.Release|Any CPU.Build.0 = Release|Any CPU
		{F86F0543-F41C-4470-852C-933E3F57A61E}.Debug|Any CPU.ActiveCfg = Debug|Any CPU
		{F86F0543-F41C-4470-852C-933E3F57A61E}.Debug|Any CPU.Build.0 = Debug|Any CPU
		{F86F0543-F41C-4470-852C-933E3F57A61E}.Release|Any CPU.ActiveCfg = Release|Any CPU
		{F86F0543-F41C-4470-852C-933E3F57A61E}.Release|Any CPU.Build.0 = Release|Any CPU
		{6A0C7237-3675-4A58-9767-F31B6DA74D34}.Debug|Any CPU.ActiveCfg = Debug|Any CPU
		{6A0C7237-3675-4A58-9767-F31B6DA74D34}.Debug|Any CPU.Build.0 = Debug|Any CPU
		{6A0C7237-3675-4A58-9767-F31B6DA74D34}.Release|Any CPU.ActiveCfg = Release|Any CPU
		{6A0C7237-3675-4A58-9767-F31B6DA74D34}.Release|Any CPU.Build.0 = Release|Any CPU
		{5EE3A183-A89D-4EEF-A7C2-F3FAA615A8D4}.Debug|Any CPU.ActiveCfg = Debug|Any CPU
		{5EE3A183-A89D-4EEF-A7C2-F3FAA615A8D4}.Debug|Any CPU.Build.0 = Debug|Any CPU
		{5EE3A183-A89D-4EEF-A7C2-F3FAA615A8D4}.Release|Any CPU.ActiveCfg = Release|Any CPU
		{5EE3A183-A89D-4EEF-A7C2-F3FAA615A8D4}.Release|Any CPU.Build.0 = Release|Any CPU
	EndGlobalSection
	GlobalSection(SolutionProperties) = preSolution
		HideSolutionNode = FALSE
	EndGlobalSection
	GlobalSection(NestedProjects) = preSolution
		{F86F0543-F41C-4470-852C-933E3F57A61E} = {A32159D2-38BF-4046-B7B8-48524EF87625}
		{6A0C7237-3675-4A58-9767-F31B6DA74D34} = {A32159D2-38BF-4046-B7B8-48524EF87625}
	EndGlobalSection
	GlobalSection(ExtensibilityGlobals) = postSolution
		SolutionGuid = {C5585883-F9BE-4726-BBD7-529BA774F765}
	EndGlobalSection
EndGlobal
