
Microsoft Visual Studio Solution File, Format Version 12.00
# Visual Studio Version 17
VisualStudioVersion = 17.3.32825.248
MinimumVisualStudioVersion = 10.0.40219.1
Project("{FAE04EC0-301F-11D3-BF4B-00C04F79EFBC}") = "DesafioPedidoIT.WebAPI", "DesafioPedidoIT.WebAPI\DesafioPedidoIT.WebAPI.csproj", "{C9EF4F98-33FF-4F49-ACED-00AFF8E6E69E}"
EndProject
Global
	GlobalSection(SolutionConfigurationPlatforms) = preSolution
		Debug|Any CPU = Debug|Any CPU
		Release|Any CPU = Release|Any CPU
	EndGlobalSection
	GlobalSection(ProjectConfigurationPlatforms) = postSolution
		{C9EF4F98-33FF-4F49-ACED-00AFF8E6E69E}.Debug|Any CPU.ActiveCfg = Debug|Any CPU
		{C9EF4F98-33FF-4F49-ACED-00AFF8E6E69E}.Debug|Any CPU.Build.0 = Debug|Any CPU
		{C9EF4F98-33FF-4F49-ACED-00AFF8E6E69E}.Release|Any CPU.ActiveCfg = Release|Any CPU
		{C9EF4F98-33FF-4F49-ACED-00AFF8E6E69E}.Release|Any CPU.Build.0 = Release|Any CPU
	EndGlobalSection
	GlobalSection(SolutionProperties) = preSolution
		HideSolutionNode = FALSE
	EndGlobalSection
	GlobalSection(ExtensibilityGlobals) = postSolution
		SolutionGuid = {98EE95E9-AA82-4CF5-919A-643E827A5F7C}
	EndGlobalSection
EndGlobal
